
Microsoft Visual Studio Solution File, Format Version 12.00
# Visual Studio 15
VisualStudioVersion = 15.0.28010.0
MinimumVisualStudioVersion = 10.0.40219.1
Project("{8BC9CEB8-8B4A-11D0-8D11-00A0C91BC942}") = "CV_Tree", "CV_Tree\CV_Tree.vcxproj", "{B95D72D5-A4F8-4FE1-B820-27F517893804}"
EndProject
Global
	GlobalSection(SolutionConfigurationPlatforms) = preSolution
		Debug|x64 = Debug|x64
		Debug|x86 = Debug|x86
		Release|x64 = Release|x64
		Release|x86 = Release|x86
	EndGlobalSection
	GlobalSection(ProjectConfigurationPlatforms) = postSolution
		{B95D72D5-A4F8-4FE1-B820-27F517893804}.Debug|x64.ActiveCfg = Debug|x64
		{B95D72D5-A4F8-4FE1-B820-27F517893804}.Debug|x64.Build.0 = Debug|x64
		{B95D72D5-A4F8-4FE1-B820-27F517893804}.Debug|x86.ActiveCfg = Debug|Win32
		{B95D72D5-A4F8-4FE1-B820-27F517893804}.Debug|x86.Build.0 = Debug|Win32
		{B95D72D5-A4F8-4FE1-B820-27F517893804}.Release|x64.ActiveCfg = Release|x64
		{B95D72D5-A4F8-4FE1-B820-27F517893804}.Release|x64.Build.0 = Release|x64
		{B95D72D5-A4F8-4FE1-B820-27F517893804}.Release|x86.ActiveCfg = Release|Win32
		{B95D72D5-A4F8-4FE1-B820-27F517893804}.Release|x86.Build.0 = Release|Win32
	EndGlobalSection
	GlobalSection(SolutionProperties) = preSolution
		HideSolutionNode = FALSE
	EndGlobalSection
	GlobalSection(ExtensibilityGlobals) = postSolution
		SolutionGuid = {DDA408A2-B9E0-4801-9C5A-500EA3F65D54}
	EndGlobalSection
EndGlobal
