<?xml version="1.0" encoding="utf-8"?>
<Project ToolsVersion="4.0" xmlns="http://schemas.microsoft.com/developer/msbuild/2003">
  <ItemGroup>
    <Filter Include="Source Files">
      <UniqueIdentifier>{4FC737F1-C7A5-4376-A066-2A32D752A2FF}</UniqueIdentifier>
      <Extensions>cpp;c;cc;cxx;def;odl;idl;hpj;bat;asm;asmx</Extensions>
    </Filter>
    <Filter Include="Header Files">
      <UniqueIdentifier>{93995380-89BD-4b04-88EB-625FBE52EBFB}</UniqueIdentifier>
      <Extensions>h;hh;hpp;hxx;hm;inl;inc;ipp;xsd</Extensions>
    </Filter>
    <Filter Include="Resource Files">
      <UniqueIdentifier>{67DA6AB6-F800-4c08-8B7A-83BB121AAD01}</UniqueIdentifier>
      <Extensions>rc;ico;cur;bmp;dlg;rc2;rct;bin;rgs;gif;jpg;jpeg;jpe;resx;tiff;tif;png;wav;mfcribbon-ms</Extensions>
    </Filter>
  </ItemGroup>
  <ItemGroup>
    <ClInclude Include="pch.h">
      <Filter>Header Files</Filter>
    </ClInclude>
    <ClInclude Include="resource.h">
      <Filter>Header Files</Filter>
    </ClInclude>
  </ItemGroup>
  <ItemGroup>
    <ClCompile Include="pch.cpp">
      <Filter>Source Files</Filter>
    </ClCompile>
    <ClCompile Include="CV_Tree.cpp">
      <Filter>Source Files</Filter>
    </ClCompile>
  </ItemGroup>
  <ItemGroup>
    <ResourceCompile Include="CV_Tree.rc">
      <Filter>Resource Files</Filter>
    </ResourceCompile>
  </ItemGroup>
  <ItemGroup>
    <None Include="..\data\AcMNPV.faa">
      <Filter>Source Files</Filter>
    </None>
    <None Include="..\data\AdhoNPV.faa">
      <Filter>Source Files</Filter>
    </None>
    <None Include="..\data\AdorGV.faa">
      <Filter>Source Files</Filter>
    </None>
    <None Include="..\data\AIHV_1.faa">
      <Filter>Source Files</Filter>
    </None>
    <None Include="..\data\AMEV.faa">
      <Filter>Source Files</Filter>
    </None>
    <None Include="..\data\APMiV.faa">
      <Filter>Source Files</Filter>
    </None>
    <None Include="..\data\ASFV.faa">
      <Filter>Source Files</Filter>
    </None>
    <None Include="..\data\AsGV.faa">
      <Filter>Source Files</Filter>
    </None>
    <None Include="..\data\AtHV_3.faa">
      <Filter>Source Files</Filter>
    </None>
    <None Include="..\data\ATV.faa">
      <Filter>Source Files</Filter>
    </None>
    <None Include="..\data\BAdV_4.faa">
      <Filter>Source Files</Filter>
    </None>
    <None Include="..\data\BAdV_A.faa">
      <Filter>Source Files</Filter>
    </None>
    <None Include="..\data\BAdV_B.faa">
      <Filter>Source Files</Filter>
    </None>
    <None Include="..\data\BmNPV.faa">
      <Filter>Source Files</Filter>
    </None>
    <None Include="..\data\BoHV_1.faa">
      <Filter>Source Files</Filter>
    </None>
    <None Include="..\data\BoHV_4.faa">
      <Filter>Source Files</Filter>
    </None>
    <None Include="..\data\BoHV_5.faa">
      <Filter>Source Files</Filter>
    </None>
    <None Include="..\data\BPSV.faa">
      <Filter>Source Files</Filter>
    </None>
    <None Include="..\data\CAdV.faa">
      <Filter>Source Files</Filter>
    </None>
    <None Include="..\data\CalHV_3.faa">
      <Filter>Source Files</Filter>
    </None>
    <None Include="..\data\CcBV.faa">
      <Filter>Source Files</Filter>
    </None>
    <None Include="..\data\CeHV_1.faa">
      <Filter>Source Files</Filter>
    </None>
    <None Include="..\data\CeHV_2.faa">
      <Filter>Source Files</Filter>
    </None>
    <None Include="..\data\CeHV_8.faa">
      <Filter>Source Files</Filter>
    </None>
    <None Include="..\data\CeHV_15.faa">
      <Filter>Source Files</Filter>
    </None>
    <None Include="..\data\CeHV_17.faa">
      <Filter>Source Files</Filter>
    </None>
    <None Include="..\data\CfDeFNPV.faa">
      <Filter>Source Files</Filter>
    </None>
    <None Include="..\data\CfMNPV.faa">
      <Filter>Source Files</Filter>
    </None>
    <None Include="..\data\CHV_7.faa">
      <Filter>Source Files</Filter>
    </None>
    <None Include="..\data\CMLV.faa">
      <Filter>Source Files</Filter>
    </None>
    <None Include="..\data\CNPV.faa">
      <Filter>Source Files</Filter>
    </None>
    <None Include="..\data\CpGV.faa">
      <Filter>Source Files</Filter>
    </None>
    <None Include="..\data\CPXV.faa">
      <Filter>Source Files</Filter>
    </None>
    <None Include="..\data\CrleGV.faa">
      <Filter>Source Files</Filter>
    </None>
    <None Include="..\data\CuniNPV.faa">
      <Filter>Source Files</Filter>
    </None>
    <None Include="..\data\DAdV_A.faa">
      <Filter>Source Files</Filter>
    </None>
    <None Include="..\data\DPV.faa">
      <Filter>Source Files</Filter>
    </None>
    <None Include="..\data\ECTV.faa">
      <Filter>Source Files</Filter>
    </None>
    <None Include="..\data\EHV_1.faa">
      <Filter>Source Files</Filter>
    </None>
    <None Include="..\data\EHV_2.faa">
      <Filter>Source Files</Filter>
    </None>
    <None Include="..\data\EHV_4.faa">
      <Filter>Source Files</Filter>
    </None>
  </ItemGroup>
</Project>